
Microsoft Visual Studio Solution File, Format Version 12.00
# Visual Studio 15
VisualStudioVersion = 15.0.26124.0
MinimumVisualStudioVersion = 15.0.26124.0
Project("{2150E333-8FDC-42A3-9474-1A3956D46DE8}") = "src", "src", "{2D4E3BCA-2EE3-4A3D-8EDD-0753FD461A92}"
EndProject
Project("{FAE04EC0-301F-11D3-BF4B-00C04F79EFBC}") = "PalTracker", "src\PalTracker\PalTracker.csproj", "{B3C61934-8701-4A68-A74A-046CFB116B5F}"
EndProject
Project("{2150E333-8FDC-42A3-9474-1A3956D46DE8}") = "test", "test", "{CEFFE989-A658-4384-BFE7-761C563CD818}"
EndProject
Project("{FAE04EC0-301F-11D3-BF4B-00C04F79EFBC}") = "PalTrackerTests", "test\PalTrackerTests\PalTrackerTests.csproj", "{E0277A1D-36C6-4D63-952F-B672D68DA257}"
EndProject
Global
	GlobalSection(SolutionConfigurationPlatforms) = preSolution
		Debug|Any CPU = Debug|Any CPU
		Debug|x64 = Debug|x64
		Debug|x86 = Debug|x86
		Release|Any CPU = Release|Any CPU
		Release|x64 = Release|x64
		Release|x86 = Release|x86
	EndGlobalSection
	GlobalSection(SolutionProperties) = preSolution
		HideSolutionNode = FALSE
	EndGlobalSection
	GlobalSection(ProjectConfigurationPlatforms) = postSolution
		{B3C61934-8701-4A68-A74A-046CFB116B5F}.Debug|Any CPU.ActiveCfg = Debug|Any CPU
		{B3C61934-8701-4A68-A74A-046CFB116B5F}.Debug|Any CPU.Build.0 = Debug|Any CPU
		{B3C61934-8701-4A68-A74A-046CFB116B5F}.Debug|x64.ActiveCfg = Debug|Any CPU
		{B3C61934-8701-4A68-A74A-046CFB116B5F}.Debug|x64.Build.0 = Debug|Any CPU
		{B3C61934-8701-4A68-A74A-046CFB116B5F}.Debug|x86.ActiveCfg = Debug|Any CPU
		{B3C61934-8701-4A68-A74A-046CFB116B5F}.Debug|x86.Build.0 = Debug|Any CPU
		{B3C61934-8701-4A68-A74A-046CFB116B5F}.Release|Any CPU.ActiveCfg = Release|Any CPU
		{B3C61934-8701-4A68-A74A-046CFB116B5F}.Release|Any CPU.Build.0 = Release|Any CPU
		{B3C61934-8701-4A68-A74A-046CFB116B5F}.Release|x64.ActiveCfg = Release|Any CPU
		{B3C61934-8701-4A68-A74A-046CFB116B5F}.Release|x64.Build.0 = Release|Any CPU
		{B3C61934-8701-4A68-A74A-046CFB116B5F}.Release|x86.ActiveCfg = Release|Any CPU
		{B3C61934-8701-4A68-A74A-046CFB116B5F}.Release|x86.Build.0 = Release|Any CPU
		{E0277A1D-36C6-4D63-952F-B672D68DA257}.Debug|Any CPU.ActiveCfg = Debug|Any CPU
		{E0277A1D-36C6-4D63-952F-B672D68DA257}.Debug|Any CPU.Build.0 = Debug|Any CPU
		{E0277A1D-36C6-4D63-952F-B672D68DA257}.Debug|x64.ActiveCfg = Debug|Any CPU
		{E0277A1D-36C6-4D63-952F-B672D68DA257}.Debug|x64.Build.0 = Debug|Any CPU
		{E0277A1D-36C6-4D63-952F-B672D68DA257}.Debug|x86.ActiveCfg = Debug|Any CPU
		{E0277A1D-36C6-4D63-952F-B672D68DA257}.Debug|x86.Build.0 = Debug|Any CPU
		{E0277A1D-36C6-4D63-952F-B672D68DA257}.Release|Any CPU.ActiveCfg = Release|Any CPU
		{E0277A1D-36C6-4D63-952F-B672D68DA257}.Release|Any CPU.Build.0 = Release|Any CPU
		{E0277A1D-36C6-4D63-952F-B672D68DA257}.Release|x64.ActiveCfg = Release|Any CPU
		{E0277A1D-36C6-4D63-952F-B672D68DA257}.Release|x64.Build.0 = Release|Any CPU
		{E0277A1D-36C6-4D63-952F-B672D68DA257}.Release|x86.ActiveCfg = Release|Any CPU
		{E0277A1D-36C6-4D63-952F-B672D68DA257}.Release|x86.Build.0 = Release|Any CPU
	EndGlobalSection
	GlobalSection(NestedProjects) = preSolution
		{B3C61934-8701-4A68-A74A-046CFB116B5F} = {2D4E3BCA-2EE3-4A3D-8EDD-0753FD461A92}
		{E0277A1D-36C6-4D63-952F-B672D68DA257} = {CEFFE989-A658-4384-BFE7-761C563CD818}
	EndGlobalSection
EndGlobal
